
Microsoft Visual Studio Solution File, Format Version 12.00
# Visual Studio 15
VisualStudioVersion = 15.0.28010.2026
MinimumVisualStudioVersion = 10.0.40219.1
Project("{9A19103F-16F7-4668-BE54-9A1E7A4F7556}") = "Cuponidad", "Cuponidad\Cuponidad.csproj", "{EFEE743E-20B5-47EA-AE3C-67C6C0338BE5}"
EndProject
Project("{9A19103F-16F7-4668-BE54-9A1E7A4F7556}") = "Cuponidad.DataAccessLayer", "Cuponidad.DataAccessLayer\Cuponidad.DataAccessLayer.csproj", "{C7E797A5-78E8-4F3C-A070-D03434D81F01}"
EndProject
Global
	GlobalSection(SolutionConfigurationPlatforms) = preSolution
		Debug|Any CPU = Debug|Any CPU
		Release|Any CPU = Release|Any CPU
	EndGlobalSection
	GlobalSection(ProjectConfigurationPlatforms) = postSolution
		{EFEE743E-20B5-47EA-AE3C-67C6C0338BE5}.Debug|Any CPU.ActiveCfg = Debug|Any CPU
		{EFEE743E-20B5-47EA-AE3C-67C6C0338BE5}.Debug|Any CPU.Build.0 = Debug|Any CPU
		{EFEE743E-20B5-47EA-AE3C-67C6C0338BE5}.Release|Any CPU.ActiveCfg = Release|Any CPU
		{EFEE743E-20B5-47EA-AE3C-67C6C0338BE5}.Release|Any CPU.Build.0 = Release|Any CPU
		{C7E797A5-78E8-4F3C-A070-D03434D81F01}.Debug|Any CPU.ActiveCfg = Debug|Any CPU
		{C7E797A5-78E8-4F3C-A070-D03434D81F01}.Debug|Any CPU.Build.0 = Debug|Any CPU
		{C7E797A5-78E8-4F3C-A070-D03434D81F01}.Release|Any CPU.ActiveCfg = Release|Any CPU
		{C7E797A5-78E8-4F3C-A070-D03434D81F01}.Release|Any CPU.Build.0 = Release|Any CPU
	EndGlobalSection
	GlobalSection(SolutionProperties) = preSolution
		HideSolutionNode = FALSE
	EndGlobalSection
	GlobalSection(ExtensibilityGlobals) = postSolution
		SolutionGuid = {D32E5DF7-0EE1-46AE-AED9-541F641B2DA5}
	EndGlobalSection
EndGlobal
